// !$*UTF8*$!
{
	archiveVersion = 1;
	classes = {
	};
	objectVersion = 46;
	objects = {

/* Begin PBXBuildFile section */
		55811EEB1F088FC900D53AA9 /* Default-568h@2x.png in Resources */ = {isa = PBXBuildFile; fileRef = 55811EEA1F088FC900D53AA9 /* Default-568h@2x.png */; };
		55811EF01F08900400D53AA9 /* LaunchScreen.storyboard in Resources */ = {isa = PBXBuildFile; fileRef = 55811EEE1F08900400D53AA9 /* LaunchScreen.storyboard */; };
		55811EF11F08900400D53AA9 /* Main.storyboard in Resources */ = {isa = PBXBuildFile; fileRef = 55811EEF1F08900400D53AA9 /* Main.storyboard */; };
		55A914331F09E8CE000B5311 /* ChromeFreedomActivity.swift in Sources */ = {isa = PBXBuildFile; fileRef = 55A9142A1F09E8CE000B5311 /* ChromeFreedomActivity.swift */; };
		55A914341F09E8CE000B5311 /* FirefoxFreedomActivity.swift in Sources */ = {isa = PBXBuildFile; fileRef = 55A9142B1F09E8CE000B5311 /* FirefoxFreedomActivity.swift */; };
		55A914351F09E8CE000B5311 /* FreedomURLComponentsExtension.swift in Sources */ = {isa = PBXBuildFile; fileRef = 55A9142D1F09E8CE000B5311 /* FreedomURLComponentsExtension.swift */; };
		55A914361F09E8CE000B5311 /* FreedomURLExtension.swift in Sources */ = {isa = PBXBuildFile; fileRef = 55A9142E1F09E8CE000B5311 /* FreedomURLExtension.swift */; };
		55A914371F09E8CE000B5311 /* Freedom.bundle in Resources */ = {isa = PBXBuildFile; fileRef = 55A9142F1F09E8CE000B5311 /* Freedom.bundle */; };
		55A914381F09E8CE000B5311 /* Freedom.swift in Sources */ = {isa = PBXBuildFile; fileRef = 55A914301F09E8CE000B5311 /* Freedom.swift */; };
		55A914391F09E8CE000B5311 /* FreedomActivating.swift in Sources */ = {isa = PBXBuildFile; fileRef = 55A914321F09E8CE000B5311 /* FreedomActivating.swift */; };
		55A9143B1F09E8F1000B5311 /* BraveFreedomActivity.swift in Sources */ = {isa = PBXBuildFile; fileRef = 55A9143A1F09E8F1000B5311 /* BraveFreedomActivity.swift */; };
		55E579721F08892100E04D4F /* ViewController.swift in Sources */ = {isa = PBXBuildFile; fileRef = 55E579711F08892100E04D4F /* ViewController.swift */; };
		55E579741F08892600E04D4F /* AppDelegate.swift in Sources */ = {isa = PBXBuildFile; fileRef = 55E579731F08892600E04D4F /* AppDelegate.swift */; };
/* End PBXBuildFile section */

/* Begin PBXFileReference section */
		55811EEA1F088FC900D53AA9 /* Default-568h@2x.png */ = {isa = PBXFileReference; lastKnownFileType = image.png; path = "Default-568h@2x.png"; sourceTree = SOURCE_ROOT; };
		55811EEC1F088FD200D53AA9 /* Info.plist */ = {isa = PBXFileReference; fileEncoding = 4; lastKnownFileType = text.plist.xml; name = Info.plist; path = "Supporting Files/Info.plist"; sourceTree = SOURCE_ROOT; };
		55811EEE1F08900400D53AA9 /* LaunchScreen.storyboard */ = {isa = PBXFileReference; fileEncoding = 4; lastKnownFileType = file.storyboard; name = LaunchScreen.storyboard; path = "Supporting Files/LaunchScreen.storyboard"; sourceTree = SOURCE_ROOT; };
		55811EEF1F08900400D53AA9 /* Main.storyboard */ = {isa = PBXFileReference; fileEncoding = 4; lastKnownFileType = file.storyboard; name = Main.storyboard; path = "Supporting Files/Main.storyboard"; sourceTree = SOURCE_ROOT; };
		55A9142A1F09E8CE000B5311 /* ChromeFreedomActivity.swift */ = {isa = PBXFileReference; fileEncoding = 4; lastKnownFileType = sourcecode.swift; path = ChromeFreedomActivity.swift; sourceTree = "<group>"; };
		55A9142B1F09E8CE000B5311 /* FirefoxFreedomActivity.swift */ = {isa = PBXFileReference; fileEncoding = 4; lastKnownFileType = sourcecode.swift; path = FirefoxFreedomActivity.swift; sourceTree = "<group>"; };
		55A9142D1F09E8CE000B5311 /* FreedomURLComponentsExtension.swift */ = {isa = PBXFileReference; fileEncoding = 4; lastKnownFileType = sourcecode.swift; path = FreedomURLComponentsExtension.swift; sourceTree = "<group>"; };
		55A9142E1F09E8CE000B5311 /* FreedomURLExtension.swift */ = {isa = PBXFileReference; fileEncoding = 4; lastKnownFileType = sourcecode.swift; path = FreedomURLExtension.swift; sourceTree = "<group>"; };
		55A9142F1F09E8CE000B5311 /* Freedom.bundle */ = {isa = PBXFileReference; lastKnownFileType = "wrapper.plug-in"; path = Freedom.bundle; sourceTree = "<group>"; };
		55A914301F09E8CE000B5311 /* Freedom.swift */ = {isa = PBXFileReference; fileEncoding = 4; lastKnownFileType = sourcecode.swift; path = Freedom.swift; sourceTree = "<group>"; };
		55A914321F09E8CE000B5311 /* FreedomActivating.swift */ = {isa = PBXFileReference; fileEncoding = 4; lastKnownFileType = sourcecode.swift; path = FreedomActivating.swift; sourceTree = "<group>"; };
		55A9143A1F09E8F1000B5311 /* BraveFreedomActivity.swift */ = {isa = PBXFileReference; fileEncoding = 4; lastKnownFileType = sourcecode.swift; path = BraveFreedomActivity.swift; sourceTree = "<group>"; };
		55E5795C1F08877500E04D4F /* Freedom.app */ = {isa = PBXFileReference; explicitFileType = wrapper.application; includeInIndex = 0; path = Freedom.app; sourceTree = BUILT_PRODUCTS_DIR; };
		55E579711F08892100E04D4F /* ViewController.swift */ = {isa = PBXFileReference; fileEncoding = 4; lastKnownFileType = sourcecode.swift; path = ViewController.swift; sourceTree = SOURCE_ROOT; };
		55E579731F08892600E04D4F /* AppDelegate.swift */ = {isa = PBXFileReference; fileEncoding = 4; lastKnownFileType = sourcecode.swift; path = AppDelegate.swift; sourceTree = SOURCE_ROOT; };
/* End PBXFileReference section */

/* Begin PBXFrameworksBuildPhase section */
		55E579591F08877500E04D4F /* Frameworks */ = {
			isa = PBXFrameworksBuildPhase;
			buildActionMask = 2147483647;
			files = (
			);
			runOnlyForDeploymentPostprocessing = 0;
		};
/* End PBXFrameworksBuildPhase section */

/* Begin PBXGroup section */
		55811EDF1F088E2300D53AA9 /* Supporting Files */ = {
			isa = PBXGroup;
			children = (
				55811EEE1F08900400D53AA9 /* LaunchScreen.storyboard */,
				55811EEF1F08900400D53AA9 /* Main.storyboard */,
				55811EEC1F088FD200D53AA9 /* Info.plist */,
				55811EEA1F088FC900D53AA9 /* Default-568h@2x.png */,
			);
			name = "Supporting Files";
			sourceTree = "<group>";
		};
		55A914281F09E8CE000B5311 /* Sources */ = {
			isa = PBXGroup;
			children = (
				55A914301F09E8CE000B5311 /* Freedom.swift */,
				55A9142F1F09E8CE000B5311 /* Freedom.bundle */,
				55A914291F09E8CE000B5311 /* Activities */,
				55A9142C1F09E8CE000B5311 /* Extensions */,
				55A914311F09E8CE000B5311 /* Protocols */,
			);
			name = Sources;
			path = ../Sources;
			sourceTree = "<group>";
		};
		55A914291F09E8CE000B5311 /* Activities */ = {
			isa = PBXGroup;
			children = (
				55A9142A1F09E8CE000B5311 /* ChromeFreedomActivity.swift */,
				55A9142B1F09E8CE000B5311 /* FirefoxFreedomActivity.swift */,
				55A9143A1F09E8F1000B5311 /* BraveFreedomActivity.swift */,
			);
			path = Activities;
			sourceTree = "<group>";
		};
		55A9142C1F09E8CE000B5311 /* Extensions */ = {
			isa = PBXGroup;
			children = (
				55A9142D1F09E8CE000B5311 /* FreedomURLComponentsExtension.swift */,
				55A9142E1F09E8CE000B5311 /* FreedomURLExtension.swift */,
			);
			path = Extensions;
			sourceTree = "<group>";
		};
		55A914311F09E8CE000B5311 /* Protocols */ = {
			isa = PBXGroup;
			children = (
				55A914321F09E8CE000B5311 /* FreedomActivating.swift */,
			);
			path = Protocols;
			sourceTree = "<group>";
		};
		55E579531F08877500E04D4F = {
			isa = PBXGroup;
			children = (
				55E5795E1F08877500E04D4F /* Freedom */,
				55A914281F09E8CE000B5311 /* Sources */,
				55E5795D1F08877500E04D4F /* Products */,
			);
			sourceTree = "<group>";
		};
		55E5795D1F08877500E04D4F /* Products */ = {
			isa = PBXGroup;
			children = (
				55E5795C1F08877500E04D4F /* Freedom.app */,
			);
			name = Products;
			sourceTree = "<group>";
		};
		55E5795E1F08877500E04D4F /* Freedom */ = {
			isa = PBXGroup;
			children = (
				55E579731F08892600E04D4F /* AppDelegate.swift */,
				55E579711F08892100E04D4F /* ViewController.swift */,
				55811EDF1F088E2300D53AA9 /* Supporting Files */,
			);
			path = Freedom;
			sourceTree = "<group>";
		};
/* End PBXGroup section */

/* Begin PBXNativeTarget section */
		55E5795B1F08877500E04D4F /* Freedom */ = {
			isa = PBXNativeTarget;
			buildConfigurationList = 55E5796E1F08877500E04D4F /* Build configuration list for PBXNativeTarget "Freedom" */;
			buildPhases = (
				55E579581F08877500E04D4F /* Sources */,
				55E579591F08877500E04D4F /* Frameworks */,
				55E5795A1F08877500E04D4F /* Resources */,
				55A9143C1F09EDE6000B5311 /* SwiftLint */,
			);
			buildRules = (
			);
			dependencies = (
			);
			name = Freedom;
			productName = Freedom;
			productReference = 55E5795C1F08877500E04D4F /* Freedom.app */;
			productType = "com.apple.product-type.application";
		};
/* End PBXNativeTarget section */

/* Begin PBXProject section */
		55E579541F08877500E04D4F /* Project object */ = {
			isa = PBXProject;
			attributes = {
				LastSwiftUpdateCheck = 0830;
				LastUpgradeCheck = 0830;
				ORGANIZATIONNAME = "Arthur Ariel Sabintsev";
				TargetAttributes = {
					55E5795B1F08877500E04D4F = {
						CreatedOnToolsVersion = 8.3.3;
						DevelopmentTeam = HT94948NDD;
						ProvisioningStyle = Automatic;
					};
				};
			};
			buildConfigurationList = 55E579571F08877500E04D4F /* Build configuration list for PBXProject "Freedom" */;
			compatibilityVersion = "Xcode 3.2";
			developmentRegion = English;
			hasScannedForEncodings = 0;
			knownRegions = (
				en,
				Base,
			);
			mainGroup = 55E579531F08877500E04D4F;
			productRefGroup = 55E5795D1F08877500E04D4F /* Products */;
			projectDirPath = "";
			projectRoot = "";
			targets = (
				55E5795B1F08877500E04D4F /* Freedom */,
			);
		};
/* End PBXProject section */

/* Begin PBXResourcesBuildPhase section */
		55E5795A1F08877500E04D4F /* Resources */ = {
			isa = PBXResourcesBuildPhase;
			buildActionMask = 2147483647;
			files = (
				55A914371F09E8CE000B5311 /* Freedom.bundle in Resources */,
				55811EEB1F088FC900D53AA9 /* Default-568h@2x.png in Resources */,
				55811EF11F08900400D53AA9 /* Main.storyboard in Resources */,
				55811EF01F08900400D53AA9 /* LaunchScreen.storyboard in Resources */,
			);
			runOnlyForDeploymentPostprocessing = 0;
		};
/* End PBXResourcesBuildPhase section */

/* Begin PBXShellScriptBuildPhase section */
		55A9143C1F09EDE6000B5311 /* SwiftLint */ = {
			isa = PBXShellScriptBuildPhase;
			buildActionMask = 2147483647;
			files = (
			);
			inputPaths = (
			);
			name = SwiftLint;
			outputPaths = (
			);
			runOnlyForDeploymentPostprocessing = 0;
			shellPath = /bin/sh;
			shellScript = "if which swiftlint >/dev/null; then\nswiftlint\nelse\necho \"warning: SwiftLint not installed, download from https://github.com/realm/SwiftLint\"\nfi";
		};
/* End PBXShellScriptBuildPhase section */

/* Begin PBXSourcesBuildPhase section */
		55E579581F08877500E04D4F /* Sources */ = {
			isa = PBXSourcesBuildPhase;
			buildActionMask = 2147483647;
			files = (
				55A914361F09E8CE000B5311 /* FreedomURLExtension.swift in Sources */,
				55E579741F08892600E04D4F /* AppDelegate.swift in Sources */,
				55A914341F09E8CE000B5311 /* FirefoxFreedomActivity.swift in Sources */,
				55A914351F09E8CE000B5311 /* FreedomURLComponentsExtension.swift in Sources */,
				55E579721F08892100E04D4F /* ViewController.swift in Sources */,
				55A914381F09E8CE000B5311 /* Freedom.swift in Sources */,
				55A9143B1F09E8F1000B5311 /* BraveFreedomActivity.swift in Sources */,
				55A914391F09E8CE000B5311 /* FreedomActivating.swift in Sources */,
				55A914331F09E8CE000B5311 /* ChromeFreedomActivity.swift in Sources */,
			);
			runOnlyForDeploymentPostprocessing = 0;
		};
/* End PBXSourcesBuildPhase section */

/* Begin XCBuildConfiguration section */
		55E5796C1F08877500E04D4F /* Debug */ = {
			isa = XCBuildConfiguration;
			buildSettings = {
				ALWAYS_SEARCH_USER_PATHS = NO;
				CLANG_ANALYZER_NONNULL = YES;
				CLANG_ANALYZER_NUMBER_OBJECT_CONVERSION = YES_AGGRESSIVE;
				CLANG_CXX_LANGUAGE_STANDARD = "gnu++0x";
				CLANG_CXX_LIBRARY = "libc++";
				CLANG_ENABLE_MODULES = YES;
				CLANG_ENABLE_OBJC_ARC = YES;
				CLANG_WARN_BOOL_CONVERSION = YES;
				CLANG_WARN_CONSTANT_CONVERSION = YES;
				CLANG_WARN_DIRECT_OBJC_ISA_USAGE = YES_ERROR;
				CLANG_WARN_DOCUMENTATION_COMMENTS = YES;
				CLANG_WARN_EMPTY_BODY = YES;
				CLANG_WARN_ENUM_CONVERSION = YES;
				CLANG_WARN_INFINITE_RECURSION = YES;
				CLANG_WARN_INT_CONVERSION = YES;
				CLANG_WARN_OBJC_ROOT_CLASS = YES_ERROR;
				CLANG_WARN_SUSPICIOUS_MOVE = YES;
				CLANG_WARN_UNREACHABLE_CODE = YES;
				CLANG_WARN__DUPLICATE_METHOD_MATCH = YES;
				"CODE_SIGN_IDENTITY[sdk=iphoneos*]" = "iPhone Developer";
				COPY_PHASE_STRIP = NO;
				DEBUG_INFORMATION_FORMAT = dwarf;
				ENABLE_STRICT_OBJC_MSGSEND = YES;
				ENABLE_TESTABILITY = YES;
				GCC_C_LANGUAGE_STANDARD = gnu99;
				GCC_DYNAMIC_NO_PIC = NO;
				GCC_NO_COMMON_BLOCKS = YES;
				GCC_OPTIMIZATION_LEVEL = 0;
				GCC_PREPROCESSOR_DEFINITIONS = (
					"DEBUG=1",
					"$(inherited)",
				);
				GCC_WARN_64_TO_32_BIT_CONVERSION = YES;
				GCC_WARN_ABOUT_RETURN_TYPE = YES_ERROR;
				GCC_WARN_UNDECLARED_SELECTOR = YES;
				GCC_WARN_UNINITIALIZED_AUTOS = YES_AGGRESSIVE;
				GCC_WARN_UNUSED_FUNCTION = YES;
				GCC_WARN_UNUSED_VARIABLE = YES;
				IPHONEOS_DEPLOYMENT_TARGET = 10.3;
				MTL_ENABLE_DEBUG_INFO = YES;
				ONLY_ACTIVE_ARCH = YES;
				SDKROOT = iphoneos;
				SWIFT_ACTIVE_COMPILATION_CONDITIONS = DEBUG;
				SWIFT_OPTIMIZATION_LEVEL = "-Onone";
			};
			name = Debug;
		};
		55E5796D1F08877500E04D4F /* Release */ = {
			isa = XCBuildConfiguration;
			buildSettings = {
				ALWAYS_SEARCH_USER_PATHS = NO;
				CLANG_ANALYZER_NONNULL = YES;
				CLANG_ANALYZER_NUMBER_OBJECT_CONVERSION = YES_AGGRESSIVE;
				CLANG_CXX_LANGUAGE_STANDARD = "gnu++0x";
				CLANG_CXX_LIBRARY = "libc++";
				CLANG_ENABLE_MODULES = YES;
				CLANG_ENABLE_OBJC_ARC = YES;
				CLANG_WARN_BOOL_CONVERSION = YES;
				CLANG_WARN_CONSTANT_CONVERSION = YES;
				CLANG_WARN_DIRECT_OBJC_ISA_USAGE = YES_ERROR;
				CLANG_WARN_DOCUMENTATION_COMMENTS = YES;
				CLANG_WARN_EMPTY_BODY = YES;
				CLANG_WARN_ENUM_CONVERSION = YES;
				CLANG_WARN_INFINITE_RECURSION = YES;
				CLANG_WARN_INT_CONVERSION = YES;
				CLANG_WARN_OBJC_ROOT_CLASS = YES_ERROR;
				CLANG_WARN_SUSPICIOUS_MOVE = YES;
				CLANG_WARN_UNREACHABLE_CODE = YES;
				CLANG_WARN__DUPLICATE_METHOD_MATCH = YES;
				"CODE_SIGN_IDENTITY[sdk=iphoneos*]" = "iPhone Developer";
				COPY_PHASE_STRIP = NO;
				DEBUG_INFORMATION_FORMAT = "dwarf-with-dsym";
				ENABLE_NS_ASSERTIONS = NO;
				ENABLE_STRICT_OBJC_MSGSEND = YES;
				GCC_C_LANGUAGE_STANDARD = gnu99;
				GCC_NO_COMMON_BLOCKS = YES;
				GCC_WARN_64_TO_32_BIT_CONVERSION = YES;
				GCC_WARN_ABOUT_RETURN_TYPE = YES_ERROR;
				GCC_WARN_UNDECLARED_SELECTOR = YES;
				GCC_WARN_UNINITIALIZED_AUTOS = YES_AGGRESSIVE;
				GCC_WARN_UNUSED_FUNCTION = YES;
				GCC_WARN_UNUSED_VARIABLE = YES;
				IPHONEOS_DEPLOYMENT_TARGET = 10.3;
				MTL_ENABLE_DEBUG_INFO = NO;
				SDKROOT = iphoneos;
				SWIFT_OPTIMIZATION_LEVEL = "-Owholemodule";
				VALIDATE_PRODUCT = YES;
			};
			name = Release;
		};
		55E5796F1F08877500E04D4F /* Debug */ = {
			isa = XCBuildConfiguration;
			buildSettings = {
				ASSETCATALOG_COMPILER_APPICON_NAME = AppIcon;
				DEVELOPMENT_TEAM = HT94948NDD;
				INFOPLIST_FILE = "$(SRCROOT)/Supporting Files/Info.plist";
				IPHONEOS_DEPLOYMENT_TARGET = 9.0;
				LD_RUNPATH_SEARCH_PATHS = "$(inherited) @executable_path/Frameworks";
				PRODUCT_BUNDLE_IDENTIFIER = com.sabintsev.Freedom;
				PRODUCT_NAME = "$(TARGET_NAME)";
				SWIFT_VERSION = 3.0;
			};
			name = Debug;
		};
		55E579701F08877500E04D4F /* Release */ = {
			isa = XCBuildConfiguration;
			buildSettings = {
				ASSETCATALOG_COMPILER_APPICON_NAME = AppIcon;
				DEVELOPMENT_TEAM = HT94948NDD;
				INFOPLIST_FILE = "$(SRCROOT)/Supporting Files/Info.plist";
				IPHONEOS_DEPLOYMENT_TARGET = 9.0;
				LD_RUNPATH_SEARCH_PATHS = "$(inherited) @executable_path/Frameworks";
				PRODUCT_BUNDLE_IDENTIFIER = com.sabintsev.Freedom;
				PRODUCT_NAME = "$(TARGET_NAME)";
				SWIFT_VERSION = 3.0;
			};
			name = Release;
		};
/* End XCBuildConfiguration section */

/* Begin XCConfigurationList section */
		55E579571F08877500E04D4F /* Build configuration list for PBXProject "Freedom" */ = {
			isa = XCConfigurationList;
			buildConfigurations = (
				55E5796C1F08877500E04D4F /* Debug */,
				55E5796D1F08877500E04D4F /* Release */,
			);
			defaultConfigurationIsVisible = 0;
			defaultConfigurationName = Release;
		};
		55E5796E1F08877500E04D4F /* Build configuration list for PBXNativeTarget "Freedom" */ = {
			isa = XCConfigurationList;
			buildConfigurations = (
				55E5796F1F08877500E04D4F /* Debug */,
				55E579701F08877500E04D4F /* Release */,
			);
			defaultConfigurationIsVisible = 0;
			defaultConfigurationName = Release;
		};
/* End XCConfigurationList section */
	};
	rootObject = 55E579541F08877500E04D4F /* Project object */;
}
